
Microsoft Visual Studio Solution File, Format Version 12.00
# Visual Studio Version 17
VisualStudioVersion = 17.0.31919.166
MinimumVisualStudioVersion = 10.0.40219.1
Project("{FAE04EC0-301F-11D3-BF4B-00C04F79EFBC}") = "CBlog", "CBlog\CBlog.csproj", "{53D6F9CB-2221-4063-9789-86BDADC61589}"
EndProject
Global
	GlobalSection(SolutionConfigurationPlatforms) = preSolution
		Debug|Any CPU = Debug|Any CPU
		Release|Any CPU = Release|Any CPU
	EndGlobalSection
	GlobalSection(ProjectConfigurationPlatforms) = postSolution
		{53D6F9CB-2221-4063-9789-86BDADC61589}.Debug|Any CPU.ActiveCfg = Debug|Any CPU
		{53D6F9CB-2221-4063-9789-86BDADC61589}.Debug|Any CPU.Build.0 = Debug|Any CPU
		{53D6F9CB-2221-4063-9789-86BDADC61589}.Release|Any CPU.ActiveCfg = Release|Any CPU
		{53D6F9CB-2221-4063-9789-86BDADC61589}.Release|Any CPU.Build.0 = Release|Any CPU
	EndGlobalSection
	GlobalSection(SolutionProperties) = preSolution
		HideSolutionNode = FALSE
	EndGlobalSection
	GlobalSection(ExtensibilityGlobals) = postSolution
		SolutionGuid = {0569B555-A654-446E-BA0E-E42D63E94171}
	EndGlobalSection
EndGlobal
